// !$*UTF8*$!
{
	archiveVersion = 1;
	classes = {
	};
	objectVersion = 46;
	objects = {

/* Begin PBXBuildFile section */
		18CA33441ACA352F00DE67CB /* main.m in Sources */ = {isa = PBXBuildFile; fileRef = 18CA33431ACA352F00DE67CB /* main.m */; };
		18CA33471ACA352F00DE67CB /* AppDelegate.m in Sources */ = {isa = PBXBuildFile; fileRef = 18CA33461ACA352F00DE67CB /* AppDelegate.m */; };
		18CA334A1ACA352F00DE67CB /* ViewController.m in Sources */ = {isa = PBXBuildFile; fileRef = 18CA33491ACA352F00DE67CB /* ViewController.m */; };
		18CA334D1ACA352F00DE67CB /* Main.storyboard in Resources */ = {isa = PBXBuildFile; fileRef = 18CA334B1ACA352F00DE67CB /* Main.storyboard */; };
		18CA334F1ACA352F00DE67CB /* Images.xcassets in Resources */ = {isa = PBXBuildFile; fileRef = 18CA334E1ACA352F00DE67CB /* Images.xcassets */; };
		18CA33521ACA352F00DE67CB /* LaunchScreen.xib in Resources */ = {isa = PBXBuildFile; fileRef = 18CA33501ACA352F00DE67CB /* LaunchScreen.xib */; };
		18CA335E1ACA352F00DE67CB /* LeeUIEdgeInsetsTests.m in Sources */ = {isa = PBXBuildFile; fileRef = 18CA335D1ACA352F00DE67CB /* LeeUIEdgeInsetsTests.m */; };
		18CA33691ACA3FFB00DE67CB /* UIInsetTextField.m in Sources */ = {isa = PBXBuildFile; fileRef = 18CA33681ACA3FFB00DE67CB /* UIInsetTextField.m */; };
		18CA336B1ACA6DBF00DE67CB /* s1@2x.png in Resources */ = {isa = PBXBuildFile; fileRef = 18CA336A1ACA6DBF00DE67CB /* s1@2x.png */; };
		18CA336E1ACA701400DE67CB /* UIInsetLabel.m in Sources */ = {isa = PBXBuildFile; fileRef = 18CA336D1ACA701400DE67CB /* UIInsetLabel.m */; };
/* End PBXBuildFile section */

/* Begin PBXContainerItemProxy section */
		18CA33581ACA352F00DE67CB /* PBXContainerItemProxy */ = {
			isa = PBXContainerItemProxy;
			containerPortal = 18CA33361ACA352F00DE67CB /* Project object */;
			proxyType = 1;
			remoteGlobalIDString = 18CA333D1ACA352F00DE67CB;
			remoteInfo = LeeUIEdgeInsets;
		};
/* End PBXContainerItemProxy section */

/* Begin PBXFileReference section */
		18CA333E1ACA352F00DE67CB /* LeeUIEdgeInsets.app */ = {isa = PBXFileReference; explicitFileType = wrapper.application; includeInIndex = 0; path = LeeUIEdgeInsets.app; sourceTree = BUILT_PRODUCTS_DIR; };
		18CA33421ACA352F00DE67CB /* Info.plist */ = {isa = PBXFileReference; lastKnownFileType = text.plist.xml; path = Info.plist; sourceTree = "<group>"; };
		18CA33431ACA352F00DE67CB /* main.m */ = {isa = PBXFileReference; lastKnownFileType = sourcecode.c.objc; path = main.m; sourceTree = "<group>"; };
		18CA33451ACA352F00DE67CB /* AppDelegate.h */ = {isa = PBXFileReference; lastKnownFileType = sourcecode.c.h; path = AppDelegate.h; sourceTree = "<group>"; };
		18CA33461ACA352F00DE67CB /* AppDelegate.m */ = {isa = PBXFileReference; lastKnownFileType = sourcecode.c.objc; path = AppDelegate.m; sourceTree = "<group>"; };
		18CA33481ACA352F00DE67CB /* ViewController.h */ = {isa = PBXFileReference; lastKnownFileType = sourcecode.c.h; path = ViewController.h; sourceTree = "<group>"; };
		18CA33491ACA352F00DE67CB /* ViewController.m */ = {isa = PBXFileReference; lastKnownFileType = sourcecode.c.objc; path = ViewController.m; sourceTree = "<group>"; };
		18CA334C1ACA352F00DE67CB /* Base */ = {isa = PBXFileReference; lastKnownFileType = file.storyboard; name = Base; path = Base.lproj/Main.storyboard; sourceTree = "<group>"; };
		18CA334E1ACA352F00DE67CB /* Images.xcassets */ = {isa = PBXFileReference; lastKnownFileType = folder.assetcatalog; path = Images.xcassets; sourceTree = "<group>"; };
		18CA33511ACA352F00DE67CB /* Base */ = {isa = PBXFileReference; lastKnownFileType = file.xib; name = Base; path = Base.lproj/LaunchScreen.xib; sourceTree = "<group>"; };
		18CA33571ACA352F00DE67CB /* LeeUIEdgeInsetsTests.xctest */ = {isa = PBXFileReference; explicitFileType = wrapper.cfbundle; includeInIndex = 0; path = LeeUIEdgeInsetsTests.xctest; sourceTree = BUILT_PRODUCTS_DIR; };
		18CA335C1ACA352F00DE67CB /* Info.plist */ = {isa = PBXFileReference; lastKnownFileType = text.plist.xml; path = Info.plist; sourceTree = "<group>"; };
		18CA335D1ACA352F00DE67CB /* LeeUIEdgeInsetsTests.m */ = {isa = PBXFileReference; lastKnownFileType = sourcecode.c.objc; path = LeeUIEdgeInsetsTests.m; sourceTree = "<group>"; };
		18CA33671ACA3FFB00DE67CB /* UIInsetTextField.h */ = {isa = PBXFileReference; fileEncoding = 4; lastKnownFileType = sourcecode.c.h; path = UIInsetTextField.h; sourceTree = "<group>"; };
		18CA33681ACA3FFB00DE67CB /* UIInsetTextField.m */ = {isa = PBXFileReference; fileEncoding = 4; lastKnownFileType = sourcecode.c.objc; path = UIInsetTextField.m; sourceTree = "<group>"; };
		18CA336A1ACA6DBF00DE67CB /* s1@2x.png */ = {isa = PBXFileReference; lastKnownFileType = image.png; path = "s1@2x.png"; sourceTree = "<group>"; };
		18CA336C1ACA701400DE67CB /* UIInsetLabel.h */ = {isa = PBXFileReference; fileEncoding = 4; lastKnownFileType = sourcecode.c.h; path = UIInsetLabel.h; sourceTree = "<group>"; };
		18CA336D1ACA701400DE67CB /* UIInsetLabel.m */ = {isa = PBXFileReference; fileEncoding = 4; lastKnownFileType = sourcecode.c.objc; path = UIInsetLabel.m; sourceTree = "<group>"; };
/* End PBXFileReference section */

/* Begin PBXFrameworksBuildPhase section */
		18CA333B1ACA352F00DE67CB /* Frameworks */ = {
			isa = PBXFrameworksBuildPhase;
			buildActionMask = 2147483647;
			files = (
			);
			runOnlyForDeploymentPostprocessing = 0;
		};
		18CA33541ACA352F00DE67CB /* Frameworks */ = {
			isa = PBXFrameworksBuildPhase;
			buildActionMask = 2147483647;
			files = (
			);
			runOnlyForDeploymentPostprocessing = 0;
		};
/* End PBXFrameworksBuildPhase section */

/* Begin PBXGroup section */
		18CA33351ACA352F00DE67CB = {
			isa = PBXGroup;
			children = (
				18CA33401ACA352F00DE67CB /* LeeUIEdgeInsets */,
				18CA335A1ACA352F00DE67CB /* LeeUIEdgeInsetsTests */,
				18CA333F1ACA352F00DE67CB /* Products */,
			);
			sourceTree = "<group>";
		};
		18CA333F1ACA352F00DE67CB /* Products */ = {
			isa = PBXGroup;
			children = (
				18CA333E1ACA352F00DE67CB /* LeeUIEdgeInsets.app */,
				18CA33571ACA352F00DE67CB /* LeeUIEdgeInsetsTests.xctest */,
			);
			name = Products;
			sourceTree = "<group>";
		};
		18CA33401ACA352F00DE67CB /* LeeUIEdgeInsets */ = {
			isa = PBXGroup;
			children = (
				18CA336A1ACA6DBF00DE67CB /* s1@2x.png */,
				18CA33451ACA352F00DE67CB /* AppDelegate.h */,
				18CA33461ACA352F00DE67CB /* AppDelegate.m */,
				18CA33481ACA352F00DE67CB /* ViewController.h */,
				18CA33491ACA352F00DE67CB /* ViewController.m */,
				18CA33671ACA3FFB00DE67CB /* UIInsetTextField.h */,
				18CA33681ACA3FFB00DE67CB /* UIInsetTextField.m */,
				18CA336C1ACA701400DE67CB /* UIInsetLabel.h */,
				18CA336D1ACA701400DE67CB /* UIInsetLabel.m */,
				18CA334B1ACA352F00DE67CB /* Main.storyboard */,
				18CA334E1ACA352F00DE67CB /* Images.xcassets */,
				18CA33501ACA352F00DE67CB /* LaunchScreen.xib */,
				18CA33411ACA352F00DE67CB /* Supporting Files */,
			);
			path = LeeUIEdgeInsets;
			sourceTree = "<group>";
		};
		18CA33411ACA352F00DE67CB /* Supporting Files */ = {
			isa = PBXGroup;
			children = (
				18CA33421ACA352F00DE67CB /* Info.plist */,
				18CA33431ACA352F00DE67CB /* main.m */,
			);
			name = "Supporting Files";
			sourceTree = "<group>";
		};
		18CA335A1ACA352F00DE67CB /* LeeUIEdgeInsetsTests */ = {
			isa = PBXGroup;
			children = (
				18CA335D1ACA352F00DE67CB /* LeeUIEdgeInsetsTests.m */,
				18CA335B1ACA352F00DE67CB /* Supporting Files */,
			);
			path = LeeUIEdgeInsetsTests;
			sourceTree = "<group>";
		};
		18CA335B1ACA352F00DE67CB /* Supporting Files */ = {
			isa = PBXGroup;
			children = (
				18CA335C1ACA352F00DE67CB /* Info.plist */,
			);
			name = "Supporting Files";
			sourceTree = "<group>";
		};
/* End PBXGroup section */

/* Begin PBXNativeTarget section */
		18CA333D1ACA352F00DE67CB /* LeeUIEdgeInsets */ = {
			isa = PBXNativeTarget;
			buildConfigurationList = 18CA33611ACA352F00DE67CB /* Build configuration list for PBXNativeTarget "LeeUIEdgeInsets" */;
			buildPhases = (
				18CA333A1ACA352F00DE67CB /* Sources */,
				18CA333B1ACA352F00DE67CB /* Frameworks */,
				18CA333C1ACA352F00DE67CB /* Resources */,
			);
			buildRules = (
			);
			dependencies = (
			);
			name = LeeUIEdgeInsets;
			productName = LeeUIEdgeInsets;
			productReference = 18CA333E1ACA352F00DE67CB /* LeeUIEdgeInsets.app */;
			productType = "com.apple.product-type.application";
		};
		18CA33561ACA352F00DE67CB /* LeeUIEdgeInsetsTests */ = {
			isa = PBXNativeTarget;
			buildConfigurationList = 18CA33641ACA352F00DE67CB /* Build configuration list for PBXNativeTarget "LeeUIEdgeInsetsTests" */;
			buildPhases = (
				18CA33531ACA352F00DE67CB /* Sources */,
				18CA33541ACA352F00DE67CB /* Frameworks */,
				18CA33551ACA352F00DE67CB /* Resources */,
			);
			buildRules = (
			);
			dependencies = (
				18CA33591ACA352F00DE67CB /* PBXTargetDependency */,
			);
			name = LeeUIEdgeInsetsTests;
			productName = LeeUIEdgeInsetsTests;
			productReference = 18CA33571ACA352F00DE67CB /* LeeUIEdgeInsetsTests.xctest */;
			productType = "com.apple.product-type.bundle.unit-test";
		};
/* End PBXNativeTarget section */

/* Begin PBXProject section */
		18CA33361ACA352F00DE67CB /* Project object */ = {
			isa = PBXProject;
			attributes = {
				LastUpgradeCheck = 0610;
				ORGANIZATIONNAME = yuanjilee;
				TargetAttributes = {
					18CA333D1ACA352F00DE67CB = {
						CreatedOnToolsVersion = 6.1.1;
					};
					18CA33561ACA352F00DE67CB = {
						CreatedOnToolsVersion = 6.1.1;
						TestTargetID = 18CA333D1ACA352F00DE67CB;
					};
				};
			};
			buildConfigurationList = 18CA33391ACA352F00DE67CB /* Build configuration list for PBXProject "LeeUIEdgeInsets" */;
			compatibilityVersion = "Xcode 3.2";
			developmentRegion = English;
			hasScannedForEncodings = 0;
			knownRegions = (
				en,
				Base,
			);
			mainGroup = 18CA33351ACA352F00DE67CB;
			productRefGroup = 18CA333F1ACA352F00DE67CB /* Products */;
			projectDirPath = "";
			projectRoot = "";
			targets = (
				18CA333D1ACA352F00DE67CB /* LeeUIEdgeInsets */,
				18CA33561ACA352F00DE67CB /* LeeUIEdgeInsetsTests */,
			);
		};
/* End PBXProject section */

/* Begin PBXResourcesBuildPhase section */
		18CA333C1ACA352F00DE67CB /* Resources */ = {
			isa = PBXResourcesBuildPhase;
			buildActionMask = 2147483647;
			files = (
				18CA334D1ACA352F00DE67CB /* Main.storyboard in Resources */,
				18CA33521ACA352F00DE67CB /* LaunchScreen.xib in Resources */,
				18CA336B1ACA6DBF00DE67CB /* s1@2x.png in Resources */,
				18CA334F1ACA352F00DE67CB /* Images.xcassets in Resources */,
			);
			runOnlyForDeploymentPostprocessing = 0;
		};
		18CA33551ACA352F00DE67CB /* Resources */ = {
			isa = PBXResourcesBuildPhase;
			buildActionMask = 2147483647;
			files = (
			);
			runOnlyForDeploymentPostprocessing = 0;
		};
/* End PBXResourcesBuildPhase section */

/* Begin PBXSourcesBuildPhase section */
		18CA333A1ACA352F00DE67CB /* Sources */ = {
			isa = PBXSourcesBuildPhase;
			buildActionMask = 2147483647;
			files = (
				18CA336E1ACA701400DE67CB /* UIInsetLabel.m in Sources */,
				18CA334A1ACA352F00DE67CB /* ViewController.m in Sources */,
				18CA33471ACA352F00DE67CB /* AppDelegate.m in Sources */,
				18CA33441ACA352F00DE67CB /* main.m in Sources */,
				18CA33691ACA3FFB00DE67CB /* UIInsetTextField.m in Sources */,
			);
			runOnlyForDeploymentPostprocessing = 0;
		};
		18CA33531ACA352F00DE67CB /* Sources */ = {
			isa = PBXSourcesBuildPhase;
			buildActionMask = 2147483647;
			files = (
				18CA335E1ACA352F00DE67CB /* LeeUIEdgeInsetsTests.m in Sources */,
			);
			runOnlyForDeploymentPostprocessing = 0;
		};
/* End PBXSourcesBuildPhase section */

/* Begin PBXTargetDependency section */
		18CA33591ACA352F00DE67CB /* PBXTargetDependency */ = {
			isa = PBXTargetDependency;
			target = 18CA333D1ACA352F00DE67CB /* LeeUIEdgeInsets */;
			targetProxy = 18CA33581ACA352F00DE67CB /* PBXContainerItemProxy */;
		};
/* End PBXTargetDependency section */

/* Begin PBXVariantGroup section */
		18CA334B1ACA352F00DE67CB /* Main.storyboard */ = {
			isa = PBXVariantGroup;
			children = (
				18CA334C1ACA352F00DE67CB /* Base */,
			);
			name = Main.storyboard;
			sourceTree = "<group>";
		};
		18CA33501ACA352F00DE67CB /* LaunchScreen.xib */ = {
			isa = PBXVariantGroup;
			children = (
				18CA33511ACA352F00DE67CB /* Base */,
			);
			name = LaunchScreen.xib;
			sourceTree = "<group>";
		};
/* End PBXVariantGroup section */

/* Begin XCBuildConfiguration section */
		18CA335F1ACA352F00DE67CB /* Debug */ = {
			isa = XCBuildConfiguration;
			buildSettings = {
				ALWAYS_SEARCH_USER_PATHS = NO;
				CLANG_CXX_LANGUAGE_STANDARD = "gnu++0x";
				CLANG_CXX_LIBRARY = "libc++";
				CLANG_ENABLE_MODULES = YES;
				CLANG_ENABLE_OBJC_ARC = YES;
				CLANG_WARN_BOOL_CONVERSION = YES;
				CLANG_WARN_CONSTANT_CONVERSION = YES;
				CLANG_WARN_DIRECT_OBJC_ISA_USAGE = YES_ERROR;
				CLANG_WARN_EMPTY_BODY = YES;
				CLANG_WARN_ENUM_CONVERSION = YES;
				CLANG_WARN_INT_CONVERSION = YES;
				CLANG_WARN_OBJC_ROOT_CLASS = YES_ERROR;
				CLANG_WARN_UNREACHABLE_CODE = YES;
				CLANG_WARN__DUPLICATE_METHOD_MATCH = YES;
				"CODE_SIGN_IDENTITY[sdk=iphoneos*]" = "iPhone Developer";
				COPY_PHASE_STRIP = NO;
				ENABLE_STRICT_OBJC_MSGSEND = YES;
				GCC_C_LANGUAGE_STANDARD = gnu99;
				GCC_DYNAMIC_NO_PIC = NO;
				GCC_OPTIMIZATION_LEVEL = 0;
				GCC_PREPROCESSOR_DEFINITIONS = (
					"DEBUG=1",
					"$(inherited)",
				);
				GCC_SYMBOLS_PRIVATE_EXTERN = NO;
				GCC_WARN_64_TO_32_BIT_CONVERSION = YES;
				GCC_WARN_ABOUT_RETURN_TYPE = YES_ERROR;
				GCC_WARN_UNDECLARED_SELECTOR = YES;
				GCC_WARN_UNINITIALIZED_AUTOS = YES_AGGRESSIVE;
				GCC_WARN_UNUSED_FUNCTION = YES;
				GCC_WARN_UNUSED_VARIABLE = YES;
				IPHONEOS_DEPLOYMENT_TARGET = 8.1;
				MTL_ENABLE_DEBUG_INFO = YES;
				ONLY_ACTIVE_ARCH = YES;
				SDKROOT = iphoneos;
				TARGETED_DEVICE_FAMILY = "1,2";
			};
			name = Debug;
		};
		18CA33601ACA352F00DE67CB /* Release */ = {
			isa = XCBuildConfiguration;
			buildSettings = {
				ALWAYS_SEARCH_USER_PATHS = NO;
				CLANG_CXX_LANGUAGE_STANDARD = "gnu++0x";
				CLANG_CXX_LIBRARY = "libc++";
				CLANG_ENABLE_MODULES = YES;
				CLANG_ENABLE_OBJC_ARC = YES;
				CLANG_WARN_BOOL_CONVERSION = YES;
				CLANG_WARN_CONSTANT_CONVERSION = YES;
				CLANG_WARN_DIRECT_OBJC_ISA_USAGE = YES_ERROR;
				CLANG_WARN_EMPTY_BODY = YES;
				CLANG_WARN_ENUM_CONVERSION = YES;
				CLANG_WARN_INT_CONVERSION = YES;
				CLANG_WARN_OBJC_ROOT_CLASS = YES_ERROR;
				CLANG_WARN_UNREACHABLE_CODE = YES;
				CLANG_WARN__DUPLICATE_METHOD_MATCH = YES;
				"CODE_SIGN_IDENTITY[sdk=iphoneos*]" = "iPhone Developer";
				COPY_PHASE_STRIP = YES;
				ENABLE_NS_ASSERTIONS = NO;
				ENABLE_STRICT_OBJC_MSGSEND = YES;
				GCC_C_LANGUAGE_STANDARD = gnu99;
				GCC_WARN_64_TO_32_BIT_CONVERSION = YES;
				GCC_WARN_ABOUT_RETURN_TYPE = YES_ERROR;
				GCC_WARN_UNDECLARED_SELECTOR = YES;
				GCC_WARN_UNINITIALIZED_AUTOS = YES_AGGRESSIVE;
				GCC_WARN_UNUSED_FUNCTION = YES;
				GCC_WARN_UNUSED_VARIABLE = YES;
				IPHONEOS_DEPLOYMENT_TARGET = 8.1;
				MTL_ENABLE_DEBUG_INFO = NO;
				SDKROOT = iphoneos;
				TARGETED_DEVICE_FAMILY = "1,2";
				VALIDATE_PRODUCT = YES;
			};
			name = Release;
		};
		18CA33621ACA352F00DE67CB /* Debug */ = {
			isa = XCBuildConfiguration;
			buildSettings = {
				ASSETCATALOG_COMPILER_APPICON_NAME = AppIcon;
				INFOPLIST_FILE = LeeUIEdgeInsets/Info.plist;
				LD_RUNPATH_SEARCH_PATHS = "$(inherited) @executable_path/Frameworks";
				PRODUCT_NAME = "$(TARGET_NAME)";
			};
			name = Debug;
		};
		18CA33631ACA352F00DE67CB /* Release */ = {
			isa = XCBuildConfiguration;
			buildSettings = {
				ASSETCATALOG_COMPILER_APPICON_NAME = AppIcon;
				INFOPLIST_FILE = LeeUIEdgeInsets/Info.plist;
				LD_RUNPATH_SEARCH_PATHS = "$(inherited) @executable_path/Frameworks";
				PRODUCT_NAME = "$(TARGET_NAME)";
			};
			name = Release;
		};
		18CA33651ACA352F00DE67CB /* Debug */ = {
			isa = XCBuildConfiguration;
			buildSettings = {
				BUNDLE_LOADER = "$(TEST_HOST)";
				FRAMEWORK_SEARCH_PATHS = (
					"$(SDKROOT)/Developer/Library/Frameworks",
					"$(inherited)",
				);
				GCC_PREPROCESSOR_DEFINITIONS = (
					"DEBUG=1",
					"$(inherited)",
				);
				INFOPLIST_FILE = LeeUIEdgeInsetsTests/Info.plist;
				LD_RUNPATH_SEARCH_PATHS = "$(inherited) @executable_path/Frameworks @loader_path/Frameworks";
				PRODUCT_NAME = "$(TARGET_NAME)";
				TEST_HOST = "$(BUILT_PRODUCTS_DIR)/LeeUIEdgeInsets.app/LeeUIEdgeInsets";
			};
			name = Debug;
		};
		18CA33661ACA352F00DE67CB /* Release */ = {
			isa = XCBuildConfiguration;
			buildSettings = {
				BUNDLE_LOADER = "$(TEST_HOST)";
				FRAMEWORK_SEARCH_PATHS = (
					"$(SDKROOT)/Developer/Library/Frameworks",
					"$(inherited)",
				);
				INFOPLIST_FILE = LeeUIEdgeInsetsTests/Info.plist;
				LD_RUNPATH_SEARCH_PATHS = "$(inherited) @executable_path/Frameworks @loader_path/Frameworks";
				PRODUCT_NAME = "$(TARGET_NAME)";
				TEST_HOST = "$(BUILT_PRODUCTS_DIR)/LeeUIEdgeInsets.app/LeeUIEdgeInsets";
			};
			name = Release;
		};
/* End XCBuildConfiguration section */

/* Begin XCConfigurationList section */
		18CA33391ACA352F00DE67CB /* Build configuration list for PBXProject "LeeUIEdgeInsets" */ = {
			isa = XCConfigurationList;
			buildConfigurations = (
				18CA335F1ACA352F00DE67CB /* Debug */,
				18CA33601ACA352F00DE67CB /* Release */,
			);
			defaultConfigurationIsVisible = 0;
			defaultConfigurationName = Release;
		};
		18CA33611ACA352F00DE67CB /* Build configuration list for PBXNativeTarget "LeeUIEdgeInsets" */ = {
			isa = XCConfigurationList;
			buildConfigurations = (
				18CA33621ACA352F00DE67CB /* Debug */,
				18CA33631ACA352F00DE67CB /* Release */,
			);
			defaultConfigurationIsVisible = 0;
		};
		18CA33641ACA352F00DE67CB /* Build configuration list for PBXNativeTarget "LeeUIEdgeInsetsTests" */ = {
			isa = XCConfigurationList;
			buildConfigurations = (
				18CA33651ACA352F00DE67CB /* Debug */,
				18CA33661ACA352F00DE67CB /* Release */,
			);
			defaultConfigurationIsVisible = 0;
		};
/* End XCConfigurationList section */
	};
	rootObject = 18CA33361ACA352F00DE67CB /* Project object */;
}
